
Microsoft Visual Studio Solution File, Format Version 12.00
# Visual Studio 15
VisualStudioVersion = 15.0.27703.2026
MinimumVisualStudioVersion = 10.0.40219.1
Project("{FAE04EC0-301F-11D3-BF4B-00C04F79EFBC}") = "Ejercicio 1", "Segundo parcial\Ejercicio 1.csproj", "{7ACD5899-0BF3-464C-95D9-250B05B00C0C}"
EndProject
Project("{FAE04EC0-301F-11D3-BF4B-00C04F79EFBC}") = "Ejercicio 2", "Ejercicio 2\Ejercicio 2.csproj", "{84075FF6-6B5F-4A18-A8A4-4EC470DB6ECB}"
EndProject
Project("{FAE04EC0-301F-11D3-BF4B-00C04F79EFBC}") = "Ejercicio 3", "Ejercicio 3\Ejercicio 3.csproj", "{7560D9F1-4BAC-49E1-B0CE-5196F5803485}"
EndProject
Project("{FAE04EC0-301F-11D3-BF4B-00C04F79EFBC}") = "Ejercicio 4", "Ejercicio 4\Ejercicio 4.csproj", "{B3B6F4F3-1D52-4686-A22F-D4C17B5C1EE9}"
EndProject
Global
	GlobalSection(SolutionConfigurationPlatforms) = preSolution
		Debug|Any CPU = Debug|Any CPU
		Release|Any CPU = Release|Any CPU
	EndGlobalSection
	GlobalSection(ProjectConfigurationPlatforms) = postSolution
		{7ACD5899-0BF3-464C-95D9-250B05B00C0C}.Debug|Any CPU.ActiveCfg = Debug|Any CPU
		{7ACD5899-0BF3-464C-95D9-250B05B00C0C}.Debug|Any CPU.Build.0 = Debug|Any CPU
		{7ACD5899-0BF3-464C-95D9-250B05B00C0C}.Release|Any CPU.ActiveCfg = Release|Any CPU
		{7ACD5899-0BF3-464C-95D9-250B05B00C0C}.Release|Any CPU.Build.0 = Release|Any CPU
		{84075FF6-6B5F-4A18-A8A4-4EC470DB6ECB}.Debug|Any CPU.ActiveCfg = Debug|Any CPU
		{84075FF6-6B5F-4A18-A8A4-4EC470DB6ECB}.Debug|Any CPU.Build.0 = Debug|Any CPU
		{84075FF6-6B5F-4A18-A8A4-4EC470DB6ECB}.Release|Any CPU.ActiveCfg = Release|Any CPU
		{84075FF6-6B5F-4A18-A8A4-4EC470DB6ECB}.Release|Any CPU.Build.0 = Release|Any CPU
		{7560D9F1-4BAC-49E1-B0CE-5196F5803485}.Debug|Any CPU.ActiveCfg = Debug|Any CPU
		{7560D9F1-4BAC-49E1-B0CE-5196F5803485}.Debug|Any CPU.Build.0 = Debug|Any CPU
		{7560D9F1-4BAC-49E1-B0CE-5196F5803485}.Release|Any CPU.ActiveCfg = Release|Any CPU
		{7560D9F1-4BAC-49E1-B0CE-5196F5803485}.Release|Any CPU.Build.0 = Release|Any CPU
		{B3B6F4F3-1D52-4686-A22F-D4C17B5C1EE9}.Debug|Any CPU.ActiveCfg = Debug|Any CPU
		{B3B6F4F3-1D52-4686-A22F-D4C17B5C1EE9}.Debug|Any CPU.Build.0 = Debug|Any CPU
		{B3B6F4F3-1D52-4686-A22F-D4C17B5C1EE9}.Release|Any CPU.ActiveCfg = Release|Any CPU
		{B3B6F4F3-1D52-4686-A22F-D4C17B5C1EE9}.Release|Any CPU.Build.0 = Release|Any CPU
	EndGlobalSection
	GlobalSection(SolutionProperties) = preSolution
		HideSolutionNode = FALSE
	EndGlobalSection
	GlobalSection(ExtensibilityGlobals) = postSolution
		SolutionGuid = {70723043-C24D-4B44-AAED-BAECC6427298}
	EndGlobalSection
EndGlobal
